
Microsoft Visual Studio Solution File, Format Version 12.00
# Visual Studio Version 17
VisualStudioVersion = 17.9.34723.18
MinimumVisualStudioVersion = 10.0.40219.1
Project("{FAE04EC0-301F-11D3-BF4B-00C04F79EFBC}") = "JoseSieiro-Chatbox-CalES", "JoseSieiro-Chatbox-CalES\JoseSieiro-Chatbox-CalES.csproj", "{73A4F2C8-2677-4AF2-B26C-353D4C6F650A}"
EndProject
Global
	GlobalSection(SolutionConfigurationPlatforms) = preSolution
		Debug|Any CPU = Debug|Any CPU
		Release|Any CPU = Release|Any CPU
	EndGlobalSection
	GlobalSection(ProjectConfigurationPlatforms) = postSolution
		{73A4F2C8-2677-4AF2-B26C-353D4C6F650A}.Debug|Any CPU.ActiveCfg = Debug|Any CPU
		{73A4F2C8-2677-4AF2-B26C-353D4C6F650A}.Debug|Any CPU.Build.0 = Debug|Any CPU
		{73A4F2C8-2677-4AF2-B26C-353D4C6F650A}.Release|Any CPU.ActiveCfg = Release|Any CPU
		{73A4F2C8-2677-4AF2-B26C-353D4C6F650A}.Release|Any CPU.Build.0 = Release|Any CPU
	EndGlobalSection
	GlobalSection(SolutionProperties) = preSolution
		HideSolutionNode = FALSE
	EndGlobalSection
	GlobalSection(ExtensibilityGlobals) = postSolution
		SolutionGuid = {06FA5FEF-AED2-49CF-8F33-005E8C4AE3DB}
	EndGlobalSection
EndGlobal
